// !$*UTF8*$!
{
	archiveVersion = 1;
	classes = {
	};
	objectVersion = 50;
	objects = {

/* Begin PBXBuildFile section */
		D889141226FB27B400BB824E /* AppDelegate.swift in Sources */ = {isa = PBXBuildFile; fileRef = D889141126FB27B400BB824E /* AppDelegate.swift */; };
		D889141426FB27B400BB824E /* SceneDelegate.swift in Sources */ = {isa = PBXBuildFile; fileRef = D889141326FB27B400BB824E /* SceneDelegate.swift */; };
		D889141626FB27B400BB824E /* ViewController.swift in Sources */ = {isa = PBXBuildFile; fileRef = D889141526FB27B400BB824E /* ViewController.swift */; };
		D889141B26FB27B800BB824E /* Assets.xcassets in Resources */ = {isa = PBXBuildFile; fileRef = D889141A26FB27B800BB824E /* Assets.xcassets */; };
		D889141E26FB27B800BB824E /* LaunchScreen.storyboard in Resources */ = {isa = PBXBuildFile; fileRef = D889141C26FB27B800BB824E /* LaunchScreen.storyboard */; };
		D889142A26FB29F000BB824E /* TableViewController.swift in Sources */ = {isa = PBXBuildFile; fileRef = D889142926FB29F000BB824E /* TableViewController.swift */; };
/* End PBXBuildFile section */

/* Begin PBXFileReference section */
		D889140E26FB27B400BB824E /* AnimatedTableViewCell.app */ = {isa = PBXFileReference; explicitFileType = wrapper.application; includeInIndex = 0; path = AnimatedTableViewCell.app; sourceTree = BUILT_PRODUCTS_DIR; };
		D889141126FB27B400BB824E /* AppDelegate.swift */ = {isa = PBXFileReference; lastKnownFileType = sourcecode.swift; path = AppDelegate.swift; sourceTree = "<group>"; };
		D889141326FB27B400BB824E /* SceneDelegate.swift */ = {isa = PBXFileReference; lastKnownFileType = sourcecode.swift; path = SceneDelegate.swift; sourceTree = "<group>"; };
		D889141526FB27B400BB824E /* ViewController.swift */ = {isa = PBXFileReference; lastKnownFileType = sourcecode.swift; path = ViewController.swift; sourceTree = "<group>"; };
		D889141A26FB27B800BB824E /* Assets.xcassets */ = {isa = PBXFileReference; lastKnownFileType = folder.assetcatalog; path = Assets.xcassets; sourceTree = "<group>"; };
		D889141D26FB27B800BB824E /* Base */ = {isa = PBXFileReference; lastKnownFileType = file.storyboard; name = Base; path = Base.lproj/LaunchScreen.storyboard; sourceTree = "<group>"; };
		D889141F26FB27B800BB824E /* Info.plist */ = {isa = PBXFileReference; lastKnownFileType = text.plist.xml; path = Info.plist; sourceTree = "<group>"; };
		D889142926FB29F000BB824E /* TableViewController.swift */ = {isa = PBXFileReference; lastKnownFileType = sourcecode.swift; path = TableViewController.swift; sourceTree = "<group>"; };
/* End PBXFileReference section */

/* Begin PBXFrameworksBuildPhase section */
		D889140B26FB27B400BB824E /* Frameworks */ = {
			isa = PBXFrameworksBuildPhase;
			buildActionMask = 2147483647;
			files = (
			);
			runOnlyForDeploymentPostprocessing = 0;
		};
/* End PBXFrameworksBuildPhase section */

/* Begin PBXGroup section */
		D889140526FB27B400BB824E = {
			isa = PBXGroup;
			children = (
				D889141026FB27B400BB824E /* AnimatedTableViewCell */,
				D889140F26FB27B400BB824E /* Products */,
			);
			sourceTree = "<group>";
		};
		D889140F26FB27B400BB824E /* Products */ = {
			isa = PBXGroup;
			children = (
				D889140E26FB27B400BB824E /* AnimatedTableViewCell.app */,
			);
			name = Products;
			sourceTree = "<group>";
		};
		D889141026FB27B400BB824E /* AnimatedTableViewCell */ = {
			isa = PBXGroup;
			children = (
				D889142B26FB2D6900BB824E /* Application */,
				D889142726FB283B00BB824E /* Controllers */,
				D889142826FB29B600BB824E /* Resources */,
			);
			path = AnimatedTableViewCell;
			sourceTree = "<group>";
		};
		D889142726FB283B00BB824E /* Controllers */ = {
			isa = PBXGroup;
			children = (
				D889141526FB27B400BB824E /* ViewController.swift */,
				D889142926FB29F000BB824E /* TableViewController.swift */,
			);
			path = Controllers;
			sourceTree = "<group>";
		};
		D889142826FB29B600BB824E /* Resources */ = {
			isa = PBXGroup;
			children = (
				D889141A26FB27B800BB824E /* Assets.xcassets */,
				D889141C26FB27B800BB824E /* LaunchScreen.storyboard */,
				D889141F26FB27B800BB824E /* Info.plist */,
			);
			path = Resources;
			sourceTree = "<group>";
		};
		D889142B26FB2D6900BB824E /* Application */ = {
			isa = PBXGroup;
			children = (
				D889141126FB27B400BB824E /* AppDelegate.swift */,
				D889141326FB27B400BB824E /* SceneDelegate.swift */,
			);
			path = Application;
			sourceTree = "<group>";
		};
/* End PBXGroup section */

/* Begin PBXNativeTarget section */
		D889140D26FB27B400BB824E /* AnimatedTableViewCell */ = {
			isa = PBXNativeTarget;
			buildConfigurationList = D889142226FB27B800BB824E /* Build configuration list for PBXNativeTarget "AnimatedTableViewCell" */;
			buildPhases = (
				D889140A26FB27B400BB824E /* Sources */,
				D889140B26FB27B400BB824E /* Frameworks */,
				D889140C26FB27B400BB824E /* Resources */,
			);
			buildRules = (
			);
			dependencies = (
			);
			name = AnimatedTableViewCell;
			productName = AnimatedTableViewCell;
			productReference = D889140E26FB27B400BB824E /* AnimatedTableViewCell.app */;
			productType = "com.apple.product-type.application";
		};
/* End PBXNativeTarget section */

/* Begin PBXProject section */
		D889140626FB27B400BB824E /* Project object */ = {
			isa = PBXProject;
			attributes = {
				LastSwiftUpdateCheck = 1250;
				LastUpgradeCheck = 1250;
				TargetAttributes = {
					D889140D26FB27B400BB824E = {
						CreatedOnToolsVersion = 12.5.1;
					};
				};
			};
			buildConfigurationList = D889140926FB27B400BB824E /* Build configuration list for PBXProject "AnimatedTableViewCell" */;
			compatibilityVersion = "Xcode 9.3";
			developmentRegion = en;
			hasScannedForEncodings = 0;
			knownRegions = (
				en,
				Base,
			);
			mainGroup = D889140526FB27B400BB824E;
			productRefGroup = D889140F26FB27B400BB824E /* Products */;
			projectDirPath = "";
			projectRoot = "";
			targets = (
				D889140D26FB27B400BB824E /* AnimatedTableViewCell */,
			);
		};
/* End PBXProject section */

/* Begin PBXResourcesBuildPhase section */
		D889140C26FB27B400BB824E /* Resources */ = {
			isa = PBXResourcesBuildPhase;
			buildActionMask = 2147483647;
			files = (
				D889141E26FB27B800BB824E /* LaunchScreen.storyboard in Resources */,
				D889141B26FB27B800BB824E /* Assets.xcassets in Resources */,
			);
			runOnlyForDeploymentPostprocessing = 0;
		};
/* End PBXResourcesBuildPhase section */

/* Begin PBXSourcesBuildPhase section */
		D889140A26FB27B400BB824E /* Sources */ = {
			isa = PBXSourcesBuildPhase;
			buildActionMask = 2147483647;
			files = (
				D889141626FB27B400BB824E /* ViewController.swift in Sources */,
				D889141226FB27B400BB824E /* AppDelegate.swift in Sources */,
				D889141426FB27B400BB824E /* SceneDelegate.swift in Sources */,
				D889142A26FB29F000BB824E /* TableViewController.swift in Sources */,
			);
			runOnlyForDeploymentPostprocessing = 0;
		};
/* End PBXSourcesBuildPhase section */

/* Begin PBXVariantGroup section */
		D889141C26FB27B800BB824E /* LaunchScreen.storyboard */ = {
			isa = PBXVariantGroup;
			children = (
				D889141D26FB27B800BB824E /* Base */,
			);
			name = LaunchScreen.storyboard;
			sourceTree = "<group>";
		};
/* End PBXVariantGroup section */

/* Begin XCBuildConfiguration section */
		D889142026FB27B800BB824E /* Debug */ = {
			isa = XCBuildConfiguration;
			buildSettings = {
				ALWAYS_SEARCH_USER_PATHS = NO;
				CLANG_ANALYZER_NONNULL = YES;
				CLANG_ANALYZER_NUMBER_OBJECT_CONVERSION = YES_AGGRESSIVE;
				CLANG_CXX_LANGUAGE_STANDARD = "gnu++14";
				CLANG_CXX_LIBRARY = "libc++";
				CLANG_ENABLE_MODULES = YES;
				CLANG_ENABLE_OBJC_ARC = YES;
				CLANG_ENABLE_OBJC_WEAK = YES;
				CLANG_WARN_BLOCK_CAPTURE_AUTORELEASING = YES;
				CLANG_WARN_BOOL_CONVERSION = YES;
				CLANG_WARN_COMMA = YES;
				CLANG_WARN_CONSTANT_CONVERSION = YES;
				CLANG_WARN_DEPRECATED_OBJC_IMPLEMENTATIONS = YES;
				CLANG_WARN_DIRECT_OBJC_ISA_USAGE = YES_ERROR;
				CLANG_WARN_DOCUMENTATION_COMMENTS = YES;
				CLANG_WARN_EMPTY_BODY = YES;
				CLANG_WARN_ENUM_CONVERSION = YES;
				CLANG_WARN_INFINITE_RECURSION = YES;
				CLANG_WARN_INT_CONVERSION = YES;
				CLANG_WARN_NON_LITERAL_NULL_CONVERSION = YES;
				CLANG_WARN_OBJC_IMPLICIT_RETAIN_SELF = YES;
				CLANG_WARN_OBJC_LITERAL_CONVERSION = YES;
				CLANG_WARN_OBJC_ROOT_CLASS = YES_ERROR;
				CLANG_WARN_QUOTED_INCLUDE_IN_FRAMEWORK_HEADER = YES;
				CLANG_WARN_RANGE_LOOP_ANALYSIS = YES;
				CLANG_WARN_STRICT_PROTOTYPES = YES;
				CLANG_WARN_SUSPICIOUS_MOVE = YES;
				CLANG_WARN_UNGUARDED_AVAILABILITY = YES_AGGRESSIVE;
				CLANG_WARN_UNREACHABLE_CODE = YES;
				CLANG_WARN__DUPLICATE_METHOD_MATCH = YES;
				COPY_PHASE_STRIP = NO;
				DEBUG_INFORMATION_FORMAT = dwarf;
				ENABLE_STRICT_OBJC_MSGSEND = YES;
				ENABLE_TESTABILITY = YES;
				GCC_C_LANGUAGE_STANDARD = gnu11;
				GCC_DYNAMIC_NO_PIC = NO;
				GCC_NO_COMMON_BLOCKS = YES;
				GCC_OPTIMIZATION_LEVEL = 0;
				GCC_PREPROCESSOR_DEFINITIONS = (
					"DEBUG=1",
					"$(inherited)",
				);
				GCC_WARN_64_TO_32_BIT_CONVERSION = YES;
				GCC_WARN_ABOUT_RETURN_TYPE = YES_ERROR;
				GCC_WARN_UNDECLARED_SELECTOR = YES;
				GCC_WARN_UNINITIALIZED_AUTOS = YES_AGGRESSIVE;
				GCC_WARN_UNUSED_FUNCTION = YES;
				GCC_WARN_UNUSED_VARIABLE = YES;
				IPHONEOS_DEPLOYMENT_TARGET = 14.5;
				MTL_ENABLE_DEBUG_INFO = INCLUDE_SOURCE;
				MTL_FAST_MATH = YES;
				ONLY_ACTIVE_ARCH = YES;
				SDKROOT = iphoneos;
				SWIFT_ACTIVE_COMPILATION_CONDITIONS = DEBUG;
				SWIFT_OPTIMIZATION_LEVEL = "-Onone";
			};
			name = Debug;
		};
		D889142126FB27B800BB824E /* Release */ = {
			isa = XCBuildConfiguration;
			buildSettings = {
				ALWAYS_SEARCH_USER_PATHS = NO;
				CLANG_ANALYZER_NONNULL = YES;
				CLANG_ANALYZER_NUMBER_OBJECT_CONVERSION = YES_AGGRESSIVE;
				CLANG_CXX_LANGUAGE_STANDARD = "gnu++14";
				CLANG_CXX_LIBRARY = "libc++";
				CLANG_ENABLE_MODULES = YES;
				CLANG_ENABLE_OBJC_ARC = YES;
				CLANG_ENABLE_OBJC_WEAK = YES;
				CLANG_WARN_BLOCK_CAPTURE_AUTORELEASING = YES;
				CLANG_WARN_BOOL_CONVERSION = YES;
				CLANG_WARN_COMMA = YES;
				CLANG_WARN_CONSTANT_CONVERSION = YES;
				CLANG_WARN_DEPRECATED_OBJC_IMPLEMENTATIONS = YES;
				CLANG_WARN_DIRECT_OBJC_ISA_USAGE = YES_ERROR;
				CLANG_WARN_DOCUMENTATION_COMMENTS = YES;
				CLANG_WARN_EMPTY_BODY = YES;
				CLANG_WARN_ENUM_CONVERSION = YES;
				CLANG_WARN_INFINITE_RECURSION = YES;
				CLANG_WARN_INT_CONVERSION = YES;
				CLANG_WARN_NON_LITERAL_NULL_CONVERSION = YES;
				CLANG_WARN_OBJC_IMPLICIT_RETAIN_SELF = YES;
				CLANG_WARN_OBJC_LITERAL_CONVERSION = YES;
				CLANG_WARN_OBJC_ROOT_CLASS = YES_ERROR;
				CLANG_WARN_QUOTED_INCLUDE_IN_FRAMEWORK_HEADER = YES;
				CLANG_WARN_RANGE_LOOP_ANALYSIS = YES;
				CLANG_WARN_STRICT_PROTOTYPES = YES;
				CLANG_WARN_SUSPICIOUS_MOVE = YES;
				CLANG_WARN_UNGUARDED_AVAILABILITY = YES_AGGRESSIVE;
				CLANG_WARN_UNREACHABLE_CODE = YES;
				CLANG_WARN__DUPLICATE_METHOD_MATCH = YES;
				COPY_PHASE_STRIP = NO;
				DEBUG_INFORMATION_FORMAT = "dwarf-with-dsym";
				ENABLE_NS_ASSERTIONS = NO;
				ENABLE_STRICT_OBJC_MSGSEND = YES;
				GCC_C_LANGUAGE_STANDARD = gnu11;
				GCC_NO_COMMON_BLOCKS = YES;
				GCC_WARN_64_TO_32_BIT_CONVERSION = YES;
				GCC_WARN_ABOUT_RETURN_TYPE = YES_ERROR;
				GCC_WARN_UNDECLARED_SELECTOR = YES;
				GCC_WARN_UNINITIALIZED_AUTOS = YES_AGGRESSIVE;
				GCC_WARN_UNUSED_FUNCTION = YES;
				GCC_WARN_UNUSED_VARIABLE = YES;
				IPHONEOS_DEPLOYMENT_TARGET = 14.5;
				MTL_ENABLE_DEBUG_INFO = NO;
				MTL_FAST_MATH = YES;
				SDKROOT = iphoneos;
				SWIFT_COMPILATION_MODE = wholemodule;
				SWIFT_OPTIMIZATION_LEVEL = "-O";
				VALIDATE_PRODUCT = YES;
			};
			name = Release;
		};
		D889142326FB27B800BB824E /* Debug */ = {
			isa = XCBuildConfiguration;
			buildSettings = {
				ASSETCATALOG_COMPILER_APPICON_NAME = AppIcon;
				ASSETCATALOG_COMPILER_GLOBAL_ACCENT_COLOR_NAME = AccentColor;
				CODE_SIGN_STYLE = Automatic;
				DEVELOPMENT_TEAM = SQPM757FFZ;
				INFOPLIST_FILE = AnimatedTableViewCell/Resources/Info.plist;
				LD_RUNPATH_SEARCH_PATHS = (
					"$(inherited)",
					"@executable_path/Frameworks",
				);
				PRODUCT_BUNDLE_IDENTIFIER = akhmetov.AnimatedTableViewCell;
				PRODUCT_NAME = "$(TARGET_NAME)";
				SWIFT_VERSION = 5.0;
				TARGETED_DEVICE_FAMILY = "1,2";
			};
			name = Debug;
		};
		D889142426FB27B800BB824E /* Release */ = {
			isa = XCBuildConfiguration;
			buildSettings = {
				ASSETCATALOG_COMPILER_APPICON_NAME = AppIcon;
				ASSETCATALOG_COMPILER_GLOBAL_ACCENT_COLOR_NAME = AccentColor;
				CODE_SIGN_STYLE = Automatic;
				DEVELOPMENT_TEAM = SQPM757FFZ;
				INFOPLIST_FILE = AnimatedTableViewCell/Resources/Info.plist;
				LD_RUNPATH_SEARCH_PATHS = (
					"$(inherited)",
					"@executable_path/Frameworks",
				);
				PRODUCT_BUNDLE_IDENTIFIER = akhmetov.AnimatedTableViewCell;
				PRODUCT_NAME = "$(TARGET_NAME)";
				SWIFT_VERSION = 5.0;
				TARGETED_DEVICE_FAMILY = "1,2";
			};
			name = Release;
		};
/* End XCBuildConfiguration section */

/* Begin XCConfigurationList section */
		D889140926FB27B400BB824E /* Build configuration list for PBXProject "AnimatedTableViewCell" */ = {
			isa = XCConfigurationList;
			buildConfigurations = (
				D889142026FB27B800BB824E /* Debug */,
				D889142126FB27B800BB824E /* Release */,
			);
			defaultConfigurationIsVisible = 0;
			defaultConfigurationName = Release;
		};
		D889142226FB27B800BB824E /* Build configuration list for PBXNativeTarget "AnimatedTableViewCell" */ = {
			isa = XCConfigurationList;
			buildConfigurations = (
				D889142326FB27B800BB824E /* Debug */,
				D889142426FB27B800BB824E /* Release */,
			);
			defaultConfigurationIsVisible = 0;
			defaultConfigurationName = Release;
		};
/* End XCConfigurationList section */
	};
	rootObject = D889140626FB27B400BB824E /* Project object */;
}
